
Microsoft Visual Studio Solution File, Format Version 12.00
# Visual Studio Version 17
VisualStudioVersion = 17.11.35222.181
MinimumVisualStudioVersion = 10.0.40219.1
Project("{FAE04EC0-301F-11D3-BF4B-00C04F79EFBC}") = "wcfService", "wcfService\wcfService.csproj", "{AEA9CA20-7993-4139-967E-49ABC6563442}"
EndProject
Project("{2150E333-8FDC-42A3-9474-1A3956D46DE8}") = "Solution Items", "Solution Items", "{3AE236ED-144C-4089-8C1B-5C0A68EB3612}"
EndProject
Project("{FAE04EC0-301F-11D3-BF4B-00C04F79EFBC}") = "WcfClient", "WcfClient\WcfClient.csproj", "{1ADC01B8-DE35-4029-84F2-829B941564E7}"
EndProject
Global
	GlobalSection(SolutionConfigurationPlatforms) = preSolution
		Debug|Any CPU = Debug|Any CPU
		Release|Any CPU = Release|Any CPU
	EndGlobalSection
	GlobalSection(ProjectConfigurationPlatforms) = postSolution
		{AEA9CA20-7993-4139-967E-49ABC6563442}.Debug|Any CPU.ActiveCfg = Debug|Any CPU
		{AEA9CA20-7993-4139-967E-49ABC6563442}.Debug|Any CPU.Build.0 = Debug|Any CPU
		{AEA9CA20-7993-4139-967E-49ABC6563442}.Release|Any CPU.ActiveCfg = Release|Any CPU
		{AEA9CA20-7993-4139-967E-49ABC6563442}.Release|Any CPU.Build.0 = Release|Any CPU
		{1ADC01B8-DE35-4029-84F2-829B941564E7}.Debug|Any CPU.ActiveCfg = Debug|Any CPU
		{1ADC01B8-DE35-4029-84F2-829B941564E7}.Debug|Any CPU.Build.0 = Debug|Any CPU
		{1ADC01B8-DE35-4029-84F2-829B941564E7}.Release|Any CPU.ActiveCfg = Release|Any CPU
		{1ADC01B8-DE35-4029-84F2-829B941564E7}.Release|Any CPU.Build.0 = Release|Any CPU
	EndGlobalSection
	GlobalSection(SolutionProperties) = preSolution
		HideSolutionNode = FALSE
	EndGlobalSection
	GlobalSection(ExtensibilityGlobals) = postSolution
		SolutionGuid = {140CD113-5FF5-440A-BA25-DF2F1AC6B13B}
	EndGlobalSection
EndGlobal
